github.com/DataDog/datadog-go v2.2.0+incompatible h1:V5BKkxACZLjzHjSgBbr2gvLA2Ae49yhc6CSY7MLy5k4=
github.com/DataDog/datadog-go v2.2.0+incompatible/go.mod h1:LButxg5PwREeZtORoXG3tL4fMGNddJ+vMq1mwgfaqoQ=
github.com/DataDog/datadog-go v2.3.0+incompatible h1:ypCT7tHzMUrUKjdHX6GGEsGq0yi0IYMaljwN5b6hbIc=
github.com/DataDog/datadog-go v2.3.0+incompatible/go.mod h1:LButxg5PwREeZtORoXG3tL4fMGNddJ+vMq1mwgfaqoQ=
github.com/mattn/go-colorable v0.0.9 h1:UVL0vNpWh04HeJXV0KLcaT7r06gOH2l4OW6ddYRUIY4=
github.com/mattn/go-colorable v0.0.9/go.mod h1:9vuHe8Xs5qXnSaW/c/ABM9alt+Vo+STaOChaDxuIBZU=
github.com/mattn/go-isatty v0.0.3 h1:ns/ykhmWi7G9O+8a448SecJU3nSMBXJfqQkl0upE1jI=
github.com/mattn/go-isatty v0.0.3/go.mod h1:M+lRXTBqGeGNdLjl/ufCoiOlB5xdOkqRJdNxMWT7Zi4=
github.com/mgutz/ansi v0.0.0-20170206155736-9520e82c474b h1:j7+1HpAFS1zy5+Q4qx1fWh90gTKwiN4QCGoY9TWyyO4=
github.com/mgutz/ansi v0.0.0-20170206155736-9520e82c474b/go.mod h1:01TrycV0kFyexm33Z7vhZRXopbI8J3TDReVlkTgMUxE=
golang.org/x/sys v0.0.0-20180314180151-89ac7f292d17 h1:N8O/0j49esAfvJVDdHct24vdhaAPxjtIUhpkpX+7E5Y=
golang.org/x/sys v0.0.0-20180314180151-89ac7f292d17/go.mod h1:STP8DvDyc/dI5b8T5hshtkjS+E42TnysNCUPdjciGhY=
